<Solution>
  <Project Path="Assembly-CSharp.csproj" />
  <Project Path="Assembly-CSharp-Editor-firstpass.csproj" />
  <Project Path="UBear.Inventory.csproj" />
  <Project Path="UBearTests.csproj" />
  <Project Path="Assembly-CSharp-Editor.csproj" />
  <Project Path="UBear.Input.csproj" />
  <Project Path="Assembly-CSharp-firstpass.csproj" />
  <Project Path="UBear.csproj" />
  <Project Path="UBear.Combat.csproj" />
  <Project Path="UBear.UI.csproj" />
</Solution>
